
Microsoft Visual Studio Solution File, Format Version 12.00
# Visual Studio Version 17
VisualStudioVersion = 17.5.2.0
MinimumVisualStudioVersion = 10.0.40219.1
Project("{FAE04EC0-301F-11D3-BF4B-00C04F79EFBC}") = "BookLoans.Web", "BookLoans.Web\BookLoans.Web.csproj", "{905B9431-BC51-40F5-ABC5-56366C062867}"
EndProject
Project("{FAE04EC0-301F-11D3-BF4B-00C04F79EFBC}") = "BookLoans.Data", "BookLoans.Data\BookLoans.Data.csproj", "{13000BF5-3DF8-4DDF-8D55-C54A66E015A9}"
EndProject
Project("{FAE04EC0-301F-11D3-BF4B-00C04F79EFBC}") = "BookLoans.Abstractions", "BookLoans.Abstractions\BookLoans.Abstractions.csproj", "{47FFDD04-A87B-46C9-89CE-767B6C59D15E}"
EndProject
Project("{FAE04EC0-301F-11D3-BF4B-00C04F79EFBC}") = "BookLoans.Services", "BookLoans.Services\BookLoans.Services.csproj", "{DEA44C3E-3AFA-4C66-B5B5-991F810E6F2A}"
EndProject
Global
	GlobalSection(SolutionConfigurationPlatforms) = preSolution
		Debug|Any CPU = Debug|Any CPU
		Debug|x64 = Debug|x64
		Debug|x86 = Debug|x86
		Release|Any CPU = Release|Any CPU
		Release|x64 = Release|x64
		Release|x86 = Release|x86
	EndGlobalSection
	GlobalSection(ProjectConfigurationPlatforms) = postSolution
		{905B9431-BC51-40F5-ABC5-56366C062867}.Debug|Any CPU.ActiveCfg = Debug|Any CPU
		{905B9431-BC51-40F5-ABC5-56366C062867}.Debug|Any CPU.Build.0 = Debug|Any CPU
		{905B9431-BC51-40F5-ABC5-56366C062867}.Debug|x64.ActiveCfg = Debug|Any CPU
		{905B9431-BC51-40F5-ABC5-56366C062867}.Debug|x64.Build.0 = Debug|Any CPU
		{905B9431-BC51-40F5-ABC5-56366C062867}.Debug|x86.ActiveCfg = Debug|Any CPU
		{905B9431-BC51-40F5-ABC5-56366C062867}.Debug|x86.Build.0 = Debug|Any CPU
		{905B9431-BC51-40F5-ABC5-56366C062867}.Release|Any CPU.ActiveCfg = Release|Any CPU
		{905B9431-BC51-40F5-ABC5-56366C062867}.Release|Any CPU.Build.0 = Release|Any CPU
		{905B9431-BC51-40F5-ABC5-56366C062867}.Release|x64.ActiveCfg = Release|Any CPU
		{905B9431-BC51-40F5-ABC5-56366C062867}.Release|x64.Build.0 = Release|Any CPU
		{905B9431-BC51-40F5-ABC5-56366C062867}.Release|x86.ActiveCfg = Release|Any CPU
		{905B9431-BC51-40F5-ABC5-56366C062867}.Release|x86.Build.0 = Release|Any CPU
		{13000BF5-3DF8-4DDF-8D55-C54A66E015A9}.Debug|Any CPU.ActiveCfg = Debug|Any CPU
		{13000BF5-3DF8-4DDF-8D55-C54A66E015A9}.Debug|Any CPU.Build.0 = Debug|Any CPU
		{13000BF5-3DF8-4DDF-8D55-C54A66E015A9}.Debug|x64.ActiveCfg = Debug|Any CPU
		{13000BF5-3DF8-4DDF-8D55-C54A66E015A9}.Debug|x64.Build.0 = Debug|Any CPU
		{13000BF5-3DF8-4DDF-8D55-C54A66E015A9}.Debug|x86.ActiveCfg = Debug|Any CPU
		{13000BF5-3DF8-4DDF-8D55-C54A66E015A9}.Debug|x86.Build.0 = Debug|Any CPU
		{13000BF5-3DF8-4DDF-8D55-C54A66E015A9}.Release|Any CPU.ActiveCfg = Release|Any CPU
		{13000BF5-3DF8-4DDF-8D55-C54A66E015A9}.Release|Any CPU.Build.0 = Release|Any CPU
		{13000BF5-3DF8-4DDF-8D55-C54A66E015A9}.Release|x64.ActiveCfg = Release|Any CPU
		{13000BF5-3DF8-4DDF-8D55-C54A66E015A9}.Release|x64.Build.0 = Release|Any CPU
		{13000BF5-3DF8-4DDF-8D55-C54A66E015A9}.Release|x86.ActiveCfg = Release|Any CPU
		{13000BF5-3DF8-4DDF-8D55-C54A66E015A9}.Release|x86.Build.0 = Release|Any CPU
		{47FFDD04-A87B-46C9-89CE-767B6C59D15E}.Debug|Any CPU.ActiveCfg = Debug|Any CPU
		{47FFDD04-A87B-46C9-89CE-767B6C59D15E}.Debug|Any CPU.Build.0 = Debug|Any CPU
		{47FFDD04-A87B-46C9-89CE-767B6C59D15E}.Debug|x64.ActiveCfg = Debug|Any CPU
		{47FFDD04-A87B-46C9-89CE-767B6C59D15E}.Debug|x64.Build.0 = Debug|Any CPU
		{47FFDD04-A87B-46C9-89CE-767B6C59D15E}.Debug|x86.ActiveCfg = Debug|Any CPU
		{47FFDD04-A87B-46C9-89CE-767B6C59D15E}.Debug|x86.Build.0 = Debug|Any CPU
		{47FFDD04-A87B-46C9-89CE-767B6C59D15E}.Release|Any CPU.ActiveCfg = Release|Any CPU
		{47FFDD04-A87B-46C9-89CE-767B6C59D15E}.Release|Any CPU.Build.0 = Release|Any CPU
		{47FFDD04-A87B-46C9-89CE-767B6C59D15E}.Release|x64.ActiveCfg = Release|Any CPU
		{47FFDD04-A87B-46C9-89CE-767B6C59D15E}.Release|x64.Build.0 = Release|Any CPU
		{47FFDD04-A87B-46C9-89CE-767B6C59D15E}.Release|x86.ActiveCfg = Release|Any CPU
		{47FFDD04-A87B-46C9-89CE-767B6C59D15E}.Release|x86.Build.0 = Release|Any CPU
		{DEA44C3E-3AFA-4C66-B5B5-991F810E6F2A}.Debug|Any CPU.ActiveCfg = Debug|Any CPU
		{DEA44C3E-3AFA-4C66-B5B5-991F810E6F2A}.Debug|Any CPU.Build.0 = Debug|Any CPU
		{DEA44C3E-3AFA-4C66-B5B5-991F810E6F2A}.Debug|x64.ActiveCfg = Debug|Any CPU
		{DEA44C3E-3AFA-4C66-B5B5-991F810E6F2A}.Debug|x64.Build.0 = Debug|Any CPU
		{DEA44C3E-3AFA-4C66-B5B5-991F810E6F2A}.Debug|x86.ActiveCfg = Debug|Any CPU
		{DEA44C3E-3AFA-4C66-B5B5-991F810E6F2A}.Debug|x86.Build.0 = Debug|Any CPU
		{DEA44C3E-3AFA-4C66-B5B5-991F810E6F2A}.Release|Any CPU.ActiveCfg = Release|Any CPU
		{DEA44C3E-3AFA-4C66-B5B5-991F810E6F2A}.Release|Any CPU.Build.0 = Release|Any CPU
		{DEA44C3E-3AFA-4C66-B5B5-991F810E6F2A}.Release|x64.ActiveCfg = Release|Any CPU
		{DEA44C3E-3AFA-4C66-B5B5-991F810E6F2A}.Release|x64.Build.0 = Release|Any CPU
		{DEA44C3E-3AFA-4C66-B5B5-991F810E6F2A}.Release|x86.ActiveCfg = Release|Any CPU
		{DEA44C3E-3AFA-4C66-B5B5-991F810E6F2A}.Release|x86.Build.0 = Release|Any CPU
	EndGlobalSection
	GlobalSection(SolutionProperties) = preSolution
		HideSolutionNode = FALSE
	EndGlobalSection
	GlobalSection(ExtensibilityGlobals) = postSolution
		SolutionGuid = {CF78AF78-D512-4BD7-8006-ED7B490FD3C0}
	EndGlobalSection
EndGlobal
